// !$*UTF8*$!
{
	archiveVersion = 1;
	classes = {
	};
	objectVersion = 46;
	objects = {

/* Begin PBXBuildFile section */
		BA7A6CA61BA8B89A00A30A51 /* main.m in Sources */ = {isa = PBXBuildFile; fileRef = BA7A6CA51BA8B89A00A30A51 /* main.m */; };
		BA7A6CA91BA8B89A00A30A51 /* AppDelegate.m in Sources */ = {isa = PBXBuildFile; fileRef = BA7A6CA81BA8B89A00A30A51 /* AppDelegate.m */; };
		BA7A6CAC1BA8B89A00A30A51 /* ViewController.m in Sources */ = {isa = PBXBuildFile; fileRef = BA7A6CAB1BA8B89A00A30A51 /* ViewController.m */; };
		BA7A6CAF1BA8B89A00A30A51 /* Main.storyboard in Resources */ = {isa = PBXBuildFile; fileRef = BA7A6CAD1BA8B89A00A30A51 /* Main.storyboard */; };
		BA7A6CB11BA8B89A00A30A51 /* Images.xcassets in Resources */ = {isa = PBXBuildFile; fileRef = BA7A6CB01BA8B89A00A30A51 /* Images.xcassets */; };
		BA7A6CB41BA8B89A00A30A51 /* LaunchScreen.xib in Resources */ = {isa = PBXBuildFile; fileRef = BA7A6CB21BA8B89A00A30A51 /* LaunchScreen.xib */; };
		BA7A6CC01BA8B89A00A30A51 /* TimeNDateTests.m in Sources */ = {isa = PBXBuildFile; fileRef = BA7A6CBF1BA8B89A00A30A51 /* TimeNDateTests.m */; };
/* End PBXBuildFile section */

/* Begin PBXContainerItemProxy section */
		BA7A6CBA1BA8B89A00A30A51 /* PBXContainerItemProxy */ = {
			isa = PBXContainerItemProxy;
			containerPortal = BA7A6C981BA8B89A00A30A51 /* Project object */;
			proxyType = 1;
			remoteGlobalIDString = BA7A6C9F1BA8B89A00A30A51;
			remoteInfo = TimeNDate;
		};
/* End PBXContainerItemProxy section */

/* Begin PBXFileReference section */
		BA7A6CA01BA8B89A00A30A51 /* TimeNDate.app */ = {isa = PBXFileReference; explicitFileType = wrapper.application; includeInIndex = 0; path = TimeNDate.app; sourceTree = BUILT_PRODUCTS_DIR; };
		BA7A6CA41BA8B89A00A30A51 /* Info.plist */ = {isa = PBXFileReference; lastKnownFileType = text.plist.xml; path = Info.plist; sourceTree = "<group>"; };
		BA7A6CA51BA8B89A00A30A51 /* main.m */ = {isa = PBXFileReference; lastKnownFileType = sourcecode.c.objc; path = main.m; sourceTree = "<group>"; };
		BA7A6CA71BA8B89A00A30A51 /* AppDelegate.h */ = {isa = PBXFileReference; lastKnownFileType = sourcecode.c.h; path = AppDelegate.h; sourceTree = "<group>"; };
		BA7A6CA81BA8B89A00A30A51 /* AppDelegate.m */ = {isa = PBXFileReference; lastKnownFileType = sourcecode.c.objc; path = AppDelegate.m; sourceTree = "<group>"; };
		BA7A6CAA1BA8B89A00A30A51 /* ViewController.h */ = {isa = PBXFileReference; lastKnownFileType = sourcecode.c.h; path = ViewController.h; sourceTree = "<group>"; };
		BA7A6CAB1BA8B89A00A30A51 /* ViewController.m */ = {isa = PBXFileReference; lastKnownFileType = sourcecode.c.objc; path = ViewController.m; sourceTree = "<group>"; };
		BA7A6CAE1BA8B89A00A30A51 /* Base */ = {isa = PBXFileReference; lastKnownFileType = file.storyboard; name = Base; path = Base.lproj/Main.storyboard; sourceTree = "<group>"; };
		BA7A6CB01BA8B89A00A30A51 /* Images.xcassets */ = {isa = PBXFileReference; lastKnownFileType = folder.assetcatalog; path = Images.xcassets; sourceTree = "<group>"; };
		BA7A6CB31BA8B89A00A30A51 /* Base */ = {isa = PBXFileReference; lastKnownFileType = file.xib; name = Base; path = Base.lproj/LaunchScreen.xib; sourceTree = "<group>"; };
		BA7A6CB91BA8B89A00A30A51 /* TimeNDateTests.xctest */ = {isa = PBXFileReference; explicitFileType = wrapper.cfbundle; includeInIndex = 0; path = TimeNDateTests.xctest; sourceTree = BUILT_PRODUCTS_DIR; };
		BA7A6CBE1BA8B89A00A30A51 /* Info.plist */ = {isa = PBXFileReference; lastKnownFileType = text.plist.xml; path = Info.plist; sourceTree = "<group>"; };
		BA7A6CBF1BA8B89A00A30A51 /* TimeNDateTests.m */ = {isa = PBXFileReference; lastKnownFileType = sourcecode.c.objc; path = TimeNDateTests.m; sourceTree = "<group>"; };
/* End PBXFileReference section */

/* Begin PBXFrameworksBuildPhase section */
		BA7A6C9D1BA8B89A00A30A51 /* Frameworks */ = {
			isa = PBXFrameworksBuildPhase;
			buildActionMask = 2147483647;
			files = (
			);
			runOnlyForDeploymentPostprocessing = 0;
		};
		BA7A6CB61BA8B89A00A30A51 /* Frameworks */ = {
			isa = PBXFrameworksBuildPhase;
			buildActionMask = 2147483647;
			files = (
			);
			runOnlyForDeploymentPostprocessing = 0;
		};
/* End PBXFrameworksBuildPhase section */

/* Begin PBXGroup section */
		BA7A6C971BA8B89A00A30A51 = {
			isa = PBXGroup;
			children = (
				BA7A6CA21BA8B89A00A30A51 /* TimeNDate */,
				BA7A6CBC1BA8B89A00A30A51 /* TimeNDateTests */,
				BA7A6CA11BA8B89A00A30A51 /* Products */,
			);
			sourceTree = "<group>";
		};
		BA7A6CA11BA8B89A00A30A51 /* Products */ = {
			isa = PBXGroup;
			children = (
				BA7A6CA01BA8B89A00A30A51 /* TimeNDate.app */,
				BA7A6CB91BA8B89A00A30A51 /* TimeNDateTests.xctest */,
			);
			name = Products;
			sourceTree = "<group>";
		};
		BA7A6CA21BA8B89A00A30A51 /* TimeNDate */ = {
			isa = PBXGroup;
			children = (
				BA7A6CA71BA8B89A00A30A51 /* AppDelegate.h */,
				BA7A6CA81BA8B89A00A30A51 /* AppDelegate.m */,
				BA7A6CAA1BA8B89A00A30A51 /* ViewController.h */,
				BA7A6CAB1BA8B89A00A30A51 /* ViewController.m */,
				BA7A6CAD1BA8B89A00A30A51 /* Main.storyboard */,
				BA7A6CB01BA8B89A00A30A51 /* Images.xcassets */,
				BA7A6CB21BA8B89A00A30A51 /* LaunchScreen.xib */,
				BA7A6CA31BA8B89A00A30A51 /* Supporting Files */,
			);
			path = TimeNDate;
			sourceTree = "<group>";
		};
		BA7A6CA31BA8B89A00A30A51 /* Supporting Files */ = {
			isa = PBXGroup;
			children = (
				BA7A6CA41BA8B89A00A30A51 /* Info.plist */,
				BA7A6CA51BA8B89A00A30A51 /* main.m */,
			);
			name = "Supporting Files";
			sourceTree = "<group>";
		};
		BA7A6CBC1BA8B89A00A30A51 /* TimeNDateTests */ = {
			isa = PBXGroup;
			children = (
				BA7A6CBF1BA8B89A00A30A51 /* TimeNDateTests.m */,
				BA7A6CBD1BA8B89A00A30A51 /* Supporting Files */,
			);
			path = TimeNDateTests;
			sourceTree = "<group>";
		};
		BA7A6CBD1BA8B89A00A30A51 /* Supporting Files */ = {
			isa = PBXGroup;
			children = (
				BA7A6CBE1BA8B89A00A30A51 /* Info.plist */,
			);
			name = "Supporting Files";
			sourceTree = "<group>";
		};
/* End PBXGroup section */

/* Begin PBXNativeTarget section */
		BA7A6C9F1BA8B89A00A30A51 /* TimeNDate */ = {
			isa = PBXNativeTarget;
			buildConfigurationList = BA7A6CC31BA8B89A00A30A51 /* Build configuration list for PBXNativeTarget "TimeNDate" */;
			buildPhases = (
				BA7A6C9C1BA8B89A00A30A51 /* Sources */,
				BA7A6C9D1BA8B89A00A30A51 /* Frameworks */,
				BA7A6C9E1BA8B89A00A30A51 /* Resources */,
			);
			buildRules = (
			);
			dependencies = (
			);
			name = TimeNDate;
			productName = TimeNDate;
			productReference = BA7A6CA01BA8B89A00A30A51 /* TimeNDate.app */;
			productType = "com.apple.product-type.application";
		};
		BA7A6CB81BA8B89A00A30A51 /* TimeNDateTests */ = {
			isa = PBXNativeTarget;
			buildConfigurationList = BA7A6CC61BA8B89A00A30A51 /* Build configuration list for PBXNativeTarget "TimeNDateTests" */;
			buildPhases = (
				BA7A6CB51BA8B89A00A30A51 /* Sources */,
				BA7A6CB61BA8B89A00A30A51 /* Frameworks */,
				BA7A6CB71BA8B89A00A30A51 /* Resources */,
			);
			buildRules = (
			);
			dependencies = (
				BA7A6CBB1BA8B89A00A30A51 /* PBXTargetDependency */,
			);
			name = TimeNDateTests;
			productName = TimeNDateTests;
			productReference = BA7A6CB91BA8B89A00A30A51 /* TimeNDateTests.xctest */;
			productType = "com.apple.product-type.bundle.unit-test";
		};
/* End PBXNativeTarget section */

/* Begin PBXProject section */
		BA7A6C981BA8B89A00A30A51 /* Project object */ = {
			isa = PBXProject;
			attributes = {
				LastUpgradeCheck = 0630;
				ORGANIZATIONNAME = "Piyush Sharma";
				TargetAttributes = {
					BA7A6C9F1BA8B89A00A30A51 = {
						CreatedOnToolsVersion = 6.3.2;
					};
					BA7A6CB81BA8B89A00A30A51 = {
						CreatedOnToolsVersion = 6.3.2;
						TestTargetID = BA7A6C9F1BA8B89A00A30A51;
					};
				};
			};
			buildConfigurationList = BA7A6C9B1BA8B89A00A30A51 /* Build configuration list for PBXProject "TimeNDate" */;
			compatibilityVersion = "Xcode 3.2";
			developmentRegion = English;
			hasScannedForEncodings = 0;
			knownRegions = (
				en,
				Base,
			);
			mainGroup = BA7A6C971BA8B89A00A30A51;
			productRefGroup = BA7A6CA11BA8B89A00A30A51 /* Products */;
			projectDirPath = "";
			projectRoot = "";
			targets = (
				BA7A6C9F1BA8B89A00A30A51 /* TimeNDate */,
				BA7A6CB81BA8B89A00A30A51 /* TimeNDateTests */,
			);
		};
/* End PBXProject section */

/* Begin PBXResourcesBuildPhase section */
		BA7A6C9E1BA8B89A00A30A51 /* Resources */ = {
			isa = PBXResourcesBuildPhase;
			buildActionMask = 2147483647;
			files = (
				BA7A6CAF1BA8B89A00A30A51 /* Main.storyboard in Resources */,
				BA7A6CB41BA8B89A00A30A51 /* LaunchScreen.xib in Resources */,
				BA7A6CB11BA8B89A00A30A51 /* Images.xcassets in Resources */,
			);
			runOnlyForDeploymentPostprocessing = 0;
		};
		BA7A6CB71BA8B89A00A30A51 /* Resources */ = {
			isa = PBXResourcesBuildPhase;
			buildActionMask = 2147483647;
			files = (
			);
			runOnlyForDeploymentPostprocessing = 0;
		};
/* End PBXResourcesBuildPhase section */

/* Begin PBXSourcesBuildPhase section */
		BA7A6C9C1BA8B89A00A30A51 /* Sources */ = {
			isa = PBXSourcesBuildPhase;
			buildActionMask = 2147483647;
			files = (
				BA7A6CAC1BA8B89A00A30A51 /* ViewController.m in Sources */,
				BA7A6CA91BA8B89A00A30A51 /* AppDelegate.m in Sources */,
				BA7A6CA61BA8B89A00A30A51 /* main.m in Sources */,
			);
			runOnlyForDeploymentPostprocessing = 0;
		};
		BA7A6CB51BA8B89A00A30A51 /* Sources */ = {
			isa = PBXSourcesBuildPhase;
			buildActionMask = 2147483647;
			files = (
				BA7A6CC01BA8B89A00A30A51 /* TimeNDateTests.m in Sources */,
			);
			runOnlyForDeploymentPostprocessing = 0;
		};
/* End PBXSourcesBuildPhase section */

/* Begin PBXTargetDependency section */
		BA7A6CBB1BA8B89A00A30A51 /* PBXTargetDependency */ = {
			isa = PBXTargetDependency;
			target = BA7A6C9F1BA8B89A00A30A51 /* TimeNDate */;
			targetProxy = BA7A6CBA1BA8B89A00A30A51 /* PBXContainerItemProxy */;
		};
/* End PBXTargetDependency section */

/* Begin PBXVariantGroup section */
		BA7A6CAD1BA8B89A00A30A51 /* Main.storyboard */ = {
			isa = PBXVariantGroup;
			children = (
				BA7A6CAE1BA8B89A00A30A51 /* Base */,
			);
			name = Main.storyboard;
			sourceTree = "<group>";
		};
		BA7A6CB21BA8B89A00A30A51 /* LaunchScreen.xib */ = {
			isa = PBXVariantGroup;
			children = (
				BA7A6CB31BA8B89A00A30A51 /* Base */,
			);
			name = LaunchScreen.xib;
			sourceTree = "<group>";
		};
/* End PBXVariantGroup section */

/* Begin XCBuildConfiguration section */
		BA7A6CC11BA8B89A00A30A51 /* Debug */ = {
			isa = XCBuildConfiguration;
			buildSettings = {
				ALWAYS_SEARCH_USER_PATHS = NO;
				CLANG_CXX_LANGUAGE_STANDARD = "gnu++0x";
				CLANG_CXX_LIBRARY = "libc++";
				CLANG_ENABLE_MODULES = YES;
				CLANG_ENABLE_OBJC_ARC = YES;
				CLANG_WARN_BOOL_CONVERSION = YES;
				CLANG_WARN_CONSTANT_CONVERSION = YES;
				CLANG_WARN_DIRECT_OBJC_ISA_USAGE = YES_ERROR;
				CLANG_WARN_EMPTY_BODY = YES;
				CLANG_WARN_ENUM_CONVERSION = YES;
				CLANG_WARN_INT_CONVERSION = YES;
				CLANG_WARN_OBJC_ROOT_CLASS = YES_ERROR;
				CLANG_WARN_UNREACHABLE_CODE = YES;
				CLANG_WARN__DUPLICATE_METHOD_MATCH = YES;
				"CODE_SIGN_IDENTITY[sdk=iphoneos*]" = "iPhone Developer";
				COPY_PHASE_STRIP = NO;
				DEBUG_INFORMATION_FORMAT = "dwarf-with-dsym";
				ENABLE_STRICT_OBJC_MSGSEND = YES;
				GCC_C_LANGUAGE_STANDARD = gnu99;
				GCC_DYNAMIC_NO_PIC = NO;
				GCC_NO_COMMON_BLOCKS = YES;
				GCC_OPTIMIZATION_LEVEL = 0;
				GCC_PREPROCESSOR_DEFINITIONS = (
					"DEBUG=1",
					"$(inherited)",
				);
				GCC_SYMBOLS_PRIVATE_EXTERN = NO;
				GCC_WARN_64_TO_32_BIT_CONVERSION = YES;
				GCC_WARN_ABOUT_RETURN_TYPE = YES_ERROR;
				GCC_WARN_UNDECLARED_SELECTOR = YES;
				GCC_WARN_UNINITIALIZED_AUTOS = YES_AGGRESSIVE;
				GCC_WARN_UNUSED_FUNCTION = YES;
				GCC_WARN_UNUSED_VARIABLE = YES;
				IPHONEOS_DEPLOYMENT_TARGET = 8.3;
				MTL_ENABLE_DEBUG_INFO = YES;
				ONLY_ACTIVE_ARCH = YES;
				SDKROOT = iphoneos;
				TARGETED_DEVICE_FAMILY = "1,2";
			};
			name = Debug;
		};
		BA7A6CC21BA8B89A00A30A51 /* Release */ = {
			isa = XCBuildConfiguration;
			buildSettings = {
				ALWAYS_SEARCH_USER_PATHS = NO;
				CLANG_CXX_LANGUAGE_STANDARD = "gnu++0x";
				CLANG_CXX_LIBRARY = "libc++";
				CLANG_ENABLE_MODULES = YES;
				CLANG_ENABLE_OBJC_ARC = YES;
				CLANG_WARN_BOOL_CONVERSION = YES;
				CLANG_WARN_CONSTANT_CONVERSION = YES;
				CLANG_WARN_DIRECT_OBJC_ISA_USAGE = YES_ERROR;
				CLANG_WARN_EMPTY_BODY = YES;
				CLANG_WARN_ENUM_CONVERSION = YES;
				CLANG_WARN_INT_CONVERSION = YES;
				CLANG_WARN_OBJC_ROOT_CLASS = YES_ERROR;
				CLANG_WARN_UNREACHABLE_CODE = YES;
				CLANG_WARN__DUPLICATE_METHOD_MATCH = YES;
				"CODE_SIGN_IDENTITY[sdk=iphoneos*]" = "iPhone Developer";
				COPY_PHASE_STRIP = NO;
				DEBUG_INFORMATION_FORMAT = "dwarf-with-dsym";
				ENABLE_NS_ASSERTIONS = NO;
				ENABLE_STRICT_OBJC_MSGSEND = YES;
				GCC_C_LANGUAGE_STANDARD = gnu99;
				GCC_NO_COMMON_BLOCKS = YES;
				GCC_WARN_64_TO_32_BIT_CONVERSION = YES;
				GCC_WARN_ABOUT_RETURN_TYPE = YES_ERROR;
				GCC_WARN_UNDECLARED_SELECTOR = YES;
				GCC_WARN_UNINITIALIZED_AUTOS = YES_AGGRESSIVE;
				GCC_WARN_UNUSED_FUNCTION = YES;
				GCC_WARN_UNUSED_VARIABLE = YES;
				IPHONEOS_DEPLOYMENT_TARGET = 8.3;
				MTL_ENABLE_DEBUG_INFO = NO;
				SDKROOT = iphoneos;
				TARGETED_DEVICE_FAMILY = "1,2";
				VALIDATE_PRODUCT = YES;
			};
			name = Release;
		};
		BA7A6CC41BA8B89A00A30A51 /* Debug */ = {
			isa = XCBuildConfiguration;
			buildSettings = {
				ASSETCATALOG_COMPILER_APPICON_NAME = AppIcon;
				INFOPLIST_FILE = TimeNDate/Info.plist;
				LD_RUNPATH_SEARCH_PATHS = "$(inherited) @executable_path/Frameworks";
				PRODUCT_NAME = "$(TARGET_NAME)";
			};
			name = Debug;
		};
		BA7A6CC51BA8B89A00A30A51 /* Release */ = {
			isa = XCBuildConfiguration;
			buildSettings = {
				ASSETCATALOG_COMPILER_APPICON_NAME = AppIcon;
				INFOPLIST_FILE = TimeNDate/Info.plist;
				LD_RUNPATH_SEARCH_PATHS = "$(inherited) @executable_path/Frameworks";
				PRODUCT_NAME = "$(TARGET_NAME)";
			};
			name = Release;
		};
		BA7A6CC71BA8B89A00A30A51 /* Debug */ = {
			isa = XCBuildConfiguration;
			buildSettings = {
				BUNDLE_LOADER = "$(TEST_HOST)";
				FRAMEWORK_SEARCH_PATHS = (
					"$(SDKROOT)/Developer/Library/Frameworks",
					"$(inherited)",
				);
				GCC_PREPROCESSOR_DEFINITIONS = (
					"DEBUG=1",
					"$(inherited)",
				);
				INFOPLIST_FILE = TimeNDateTests/Info.plist;
				LD_RUNPATH_SEARCH_PATHS = "$(inherited) @executable_path/Frameworks @loader_path/Frameworks";
				PRODUCT_NAME = "$(TARGET_NAME)";
				TEST_HOST = "$(BUILT_PRODUCTS_DIR)/TimeNDate.app/TimeNDate";
			};
			name = Debug;
		};
		BA7A6CC81BA8B89A00A30A51 /* Release */ = {
			isa = XCBuildConfiguration;
			buildSettings = {
				BUNDLE_LOADER = "$(TEST_HOST)";
				FRAMEWORK_SEARCH_PATHS = (
					"$(SDKROOT)/Developer/Library/Frameworks",
					"$(inherited)",
				);
				INFOPLIST_FILE = TimeNDateTests/Info.plist;
				LD_RUNPATH_SEARCH_PATHS = "$(inherited) @executable_path/Frameworks @loader_path/Frameworks";
				PRODUCT_NAME = "$(TARGET_NAME)";
				TEST_HOST = "$(BUILT_PRODUCTS_DIR)/TimeNDate.app/TimeNDate";
			};
			name = Release;
		};
/* End XCBuildConfiguration section */

/* Begin XCConfigurationList section */
		BA7A6C9B1BA8B89A00A30A51 /* Build configuration list for PBXProject "TimeNDate" */ = {
			isa = XCConfigurationList;
			buildConfigurations = (
				BA7A6CC11BA8B89A00A30A51 /* Debug */,
				BA7A6CC21BA8B89A00A30A51 /* Release */,
			);
			defaultConfigurationIsVisible = 0;
			defaultConfigurationName = Release;
		};
		BA7A6CC31BA8B89A00A30A51 /* Build configuration list for PBXNativeTarget "TimeNDate" */ = {
			isa = XCConfigurationList;
			buildConfigurations = (
				BA7A6CC41BA8B89A00A30A51 /* Debug */,
				BA7A6CC51BA8B89A00A30A51 /* Release */,
			);
			defaultConfigurationIsVisible = 0;
		};
		BA7A6CC61BA8B89A00A30A51 /* Build configuration list for PBXNativeTarget "TimeNDateTests" */ = {
			isa = XCConfigurationList;
			buildConfigurations = (
				BA7A6CC71BA8B89A00A30A51 /* Debug */,
				BA7A6CC81BA8B89A00A30A51 /* Release */,
			);
			defaultConfigurationIsVisible = 0;
		};
/* End XCConfigurationList section */
	};
	rootObject = BA7A6C981BA8B89A00A30A51 /* Project object */;
}
